// !$*UTF8*$!
{
	archiveVersion = 1;
	classes = {
	};
	objectVersion = 48;
	objects = {

/* Begin PBXBuildFile section */
		9707630F1F98484D00B0D7B5 /* Accelerate.framework in Frameworks */ = {isa = PBXBuildFile; fileRef = 9707630E1F98484D00B0D7B5 /* Accelerate.framework */; };
		970763111F98485A00B0D7B5 /* CoreGraphics.framework in Frameworks */ = {isa = PBXBuildFile; fileRef = 970763101F98485A00B0D7B5 /* CoreGraphics.framework */; };
		970763131F98486600B0D7B5 /* Foundation.framework in Frameworks */ = {isa = PBXBuildFile; fileRef = 970763121F98486600B0D7B5 /* Foundation.framework */; };
		970763151F98487C00B0D7B5 /* libc++.tbd in Frameworks */ = {isa = PBXBuildFile; fileRef = 970763141F98487C00B0D7B5 /* libc++.tbd */; };
		970763171F98488900B0D7B5 /* libsqlite3.tbd in Frameworks */ = {isa = PBXBuildFile; fileRef = 970763161F98488800B0D7B5 /* libsqlite3.tbd */; };
		970763191F98489400B0D7B5 /* libz.tbd in Frameworks */ = {isa = PBXBuildFile; fileRef = 970763181F98489400B0D7B5 /* libz.tbd */; };
		9707631B1F98489E00B0D7B5 /* UIKit.framework in Frameworks */ = {isa = PBXBuildFile; fileRef = 9707631A1F98489E00B0D7B5 /* UIKit.framework */; };
		979FE7821F97DE26004AB142 /* AppDelegate.swift in Sources */ = {isa = PBXBuildFile; fileRef = 979FE7811F97DE26004AB142 /* AppDelegate.swift */; };
		979FE7841F97DE26004AB142 /* ViewController.swift in Sources */ = {isa = PBXBuildFile; fileRef = 979FE7831F97DE26004AB142 /* ViewController.swift */; };
		979FE7871F97DE26004AB142 /* Main.storyboard in Resources */ = {isa = PBXBuildFile; fileRef = 979FE7851F97DE26004AB142 /* Main.storyboard */; };
		979FE7891F97DE26004AB142 /* Assets.xcassets in Resources */ = {isa = PBXBuildFile; fileRef = 979FE7881F97DE26004AB142 /* Assets.xcassets */; };
		979FE78C1F97DE26004AB142 /* LaunchScreen.storyboard in Resources */ = {isa = PBXBuildFile; fileRef = 979FE78A1F97DE26004AB142 /* LaunchScreen.storyboard */; };
		979FE7941F97F253004AB142 /* ImageRecognizerViewController.swift in Sources */ = {isa = PBXBuildFile; fileRef = 979FE7931F97F253004AB142 /* ImageRecognizerViewController.swift */; };
		979FE7961F97F29F004AB142 /* ImageRecognizerViewController.xib in Resources */ = {isa = PBXBuildFile; fileRef = 979FE7951F97F29F004AB142 /* ImageRecognizerViewController.xib */; };
		979FE7981F97F8B6004AB142 /* ClarifaiWrapper.swift in Sources */ = {isa = PBXBuildFile; fileRef = 979FE7971F97F8B6004AB142 /* ClarifaiWrapper.swift */; };
		DC96C0A801DF7492300E9280 /* Pods_WWTLogoRecognizer.framework in Frameworks */ = {isa = PBXBuildFile; fileRef = 76D919F609CDD50C3E22863B /* Pods_WWTLogoRecognizer.framework */; };
/* End PBXBuildFile section */

/* Begin PBXFileReference section */
		267F432DFB7D19B847BF1768 /* Pods-WWTLogoRecognizer.debug.xcconfig */ = {isa = PBXFileReference; includeInIndex = 1; lastKnownFileType = text.xcconfig; name = "Pods-WWTLogoRecognizer.debug.xcconfig"; path = "Pods/Target Support Files/Pods-WWTLogoRecognizer/Pods-WWTLogoRecognizer.debug.xcconfig"; sourceTree = "<group>"; };
		76D919F609CDD50C3E22863B /* Pods_WWTLogoRecognizer.framework */ = {isa = PBXFileReference; explicitFileType = wrapper.framework; includeInIndex = 0; path = Pods_WWTLogoRecognizer.framework; sourceTree = BUILT_PRODUCTS_DIR; };
		7F1DB4F9D0E6E37A1129FC40 /* Pods-WWTLogoRecognizer.release.xcconfig */ = {isa = PBXFileReference; includeInIndex = 1; lastKnownFileType = text.xcconfig; name = "Pods-WWTLogoRecognizer.release.xcconfig"; path = "Pods/Target Support Files/Pods-WWTLogoRecognizer/Pods-WWTLogoRecognizer.release.xcconfig"; sourceTree = "<group>"; };
		970763081F98482100B0D7B5 /* Clarifai_Apple_SDK.framework */ = {isa = PBXFileReference; lastKnownFileType = wrapper.framework; name = Clarifai_Apple_SDK.framework; path = Clarifai/Clarifai_Apple_SDK.framework; sourceTree = "<group>"; };
		9707630A1F98483A00B0D7B5 /* Clarifai_Apple_SDK.framework */ = {isa = PBXFileReference; lastKnownFileType = wrapper.framework; name = Clarifai_Apple_SDK.framework; path = Clarifai/Clarifai_Apple_SDK.framework; sourceTree = "<group>"; };
		9707630E1F98484D00B0D7B5 /* Accelerate.framework */ = {isa = PBXFileReference; lastKnownFileType = wrapper.framework; name = Accelerate.framework; path = System/Library/Frameworks/Accelerate.framework; sourceTree = SDKROOT; };
		970763101F98485A00B0D7B5 /* CoreGraphics.framework */ = {isa = PBXFileReference; lastKnownFileType = wrapper.framework; name = CoreGraphics.framework; path = System/Library/Frameworks/CoreGraphics.framework; sourceTree = SDKROOT; };
		970763121F98486600B0D7B5 /* Foundation.framework */ = {isa = PBXFileReference; lastKnownFileType = wrapper.framework; name = Foundation.framework; path = System/Library/Frameworks/Foundation.framework; sourceTree = SDKROOT; };
		970763141F98487C00B0D7B5 /* libc++.tbd */ = {isa = PBXFileReference; lastKnownFileType = "sourcecode.text-based-dylib-definition"; name = "libc++.tbd"; path = "usr/lib/libc++.tbd"; sourceTree = SDKROOT; };
		970763161F98488800B0D7B5 /* libsqlite3.tbd */ = {isa = PBXFileReference; lastKnownFileType = "sourcecode.text-based-dylib-definition"; name = libsqlite3.tbd; path = usr/lib/libsqlite3.tbd; sourceTree = SDKROOT; };
		970763181F98489400B0D7B5 /* libz.tbd */ = {isa = PBXFileReference; lastKnownFileType = "sourcecode.text-based-dylib-definition"; name = libz.tbd; path = usr/lib/libz.tbd; sourceTree = SDKROOT; };
		9707631A1F98489E00B0D7B5 /* UIKit.framework */ = {isa = PBXFileReference; lastKnownFileType = wrapper.framework; name = UIKit.framework; path = System/Library/Frameworks/UIKit.framework; sourceTree = SDKROOT; };
		979FE77E1F97DE26004AB142 /* WWTLogoRecognizer.app */ = {isa = PBXFileReference; explicitFileType = wrapper.application; includeInIndex = 0; path = WWTLogoRecognizer.app; sourceTree = BUILT_PRODUCTS_DIR; };
		979FE7811F97DE26004AB142 /* AppDelegate.swift */ = {isa = PBXFileReference; lastKnownFileType = sourcecode.swift; path = AppDelegate.swift; sourceTree = "<group>"; };
		979FE7831F97DE26004AB142 /* ViewController.swift */ = {isa = PBXFileReference; lastKnownFileType = sourcecode.swift; path = ViewController.swift; sourceTree = "<group>"; };
		979FE7861F97DE26004AB142 /* Base */ = {isa = PBXFileReference; lastKnownFileType = file.storyboard; name = Base; path = Base.lproj/Main.storyboard; sourceTree = "<group>"; };
		979FE7881F97DE26004AB142 /* Assets.xcassets */ = {isa = PBXFileReference; lastKnownFileType = folder.assetcatalog; path = Assets.xcassets; sourceTree = "<group>"; };
		979FE78B1F97DE26004AB142 /* Base */ = {isa = PBXFileReference; lastKnownFileType = file.storyboard; name = Base; path = Base.lproj/LaunchScreen.storyboard; sourceTree = "<group>"; };
		979FE78D1F97DE26004AB142 /* Info.plist */ = {isa = PBXFileReference; lastKnownFileType = text.plist.xml; path = Info.plist; sourceTree = "<group>"; };
		979FE7931F97F253004AB142 /* ImageRecognizerViewController.swift */ = {isa = PBXFileReference; lastKnownFileType = sourcecode.swift; path = ImageRecognizerViewController.swift; sourceTree = "<group>"; };
		979FE7951F97F29F004AB142 /* ImageRecognizerViewController.xib */ = {isa = PBXFileReference; lastKnownFileType = file.xib; path = ImageRecognizerViewController.xib; sourceTree = "<group>"; };
		979FE7971F97F8B6004AB142 /* ClarifaiWrapper.swift */ = {isa = PBXFileReference; lastKnownFileType = sourcecode.swift; path = ClarifaiWrapper.swift; sourceTree = "<group>"; };
/* End PBXFileReference section */

/* Begin PBXFrameworksBuildPhase section */
		979FE77B1F97DE26004AB142 /* Frameworks */ = {
			isa = PBXFrameworksBuildPhase;
			buildActionMask = 2147483647;
			files = (
				9707631B1F98489E00B0D7B5 /* UIKit.framework in Frameworks */,
				970763191F98489400B0D7B5 /* libz.tbd in Frameworks */,
				970763171F98488900B0D7B5 /* libsqlite3.tbd in Frameworks */,
				970763151F98487C00B0D7B5 /* libc++.tbd in Frameworks */,
				970763131F98486600B0D7B5 /* Foundation.framework in Frameworks */,
				970763111F98485A00B0D7B5 /* CoreGraphics.framework in Frameworks */,
				9707630F1F98484D00B0D7B5 /* Accelerate.framework in Frameworks */,
				DC96C0A801DF7492300E9280 /* Pods_WWTLogoRecognizer.framework in Frameworks */,
			);
			runOnlyForDeploymentPostprocessing = 0;
		};
/* End PBXFrameworksBuildPhase section */

/* Begin PBXGroup section */
		6965A513942A4E06FD061FC4 /* Pods */ = {
			isa = PBXGroup;
			children = (
				267F432DFB7D19B847BF1768 /* Pods-WWTLogoRecognizer.debug.xcconfig */,
				7F1DB4F9D0E6E37A1129FC40 /* Pods-WWTLogoRecognizer.release.xcconfig */,
			);
			name = Pods;
			sourceTree = "<group>";
		};
		970763071F98482100B0D7B5 /* Frameworks */ = {
			isa = PBXGroup;
			children = (
				9707631A1F98489E00B0D7B5 /* UIKit.framework */,
				970763181F98489400B0D7B5 /* libz.tbd */,
				970763161F98488800B0D7B5 /* libsqlite3.tbd */,
				970763141F98487C00B0D7B5 /* libc++.tbd */,
				970763121F98486600B0D7B5 /* Foundation.framework */,
				970763101F98485A00B0D7B5 /* CoreGraphics.framework */,
				9707630E1F98484D00B0D7B5 /* Accelerate.framework */,
				970763081F98482100B0D7B5 /* Clarifai_Apple_SDK.framework */,
				76D919F609CDD50C3E22863B /* Pods_WWTLogoRecognizer.framework */,
			);
			name = Frameworks;
			sourceTree = "<group>";
		};
		979FE7751F97DE26004AB142 = {
			isa = PBXGroup;
			children = (
				9707630A1F98483A00B0D7B5 /* Clarifai_Apple_SDK.framework */,
				979FE7801F97DE26004AB142 /* WWTLogoRecognizer */,
				979FE77F1F97DE26004AB142 /* Products */,
				970763071F98482100B0D7B5 /* Frameworks */,
				6965A513942A4E06FD061FC4 /* Pods */,
			);
			sourceTree = "<group>";
		};
		979FE77F1F97DE26004AB142 /* Products */ = {
			isa = PBXGroup;
			children = (
				979FE77E1F97DE26004AB142 /* WWTLogoRecognizer.app */,
			);
			name = Products;
			sourceTree = "<group>";
		};
		979FE7801F97DE26004AB142 /* WWTLogoRecognizer */ = {
			isa = PBXGroup;
			children = (
				979FE7811F97DE26004AB142 /* AppDelegate.swift */,
				979FE7831F97DE26004AB142 /* ViewController.swift */,
				979FE7851F97DE26004AB142 /* Main.storyboard */,
				979FE7881F97DE26004AB142 /* Assets.xcassets */,
				979FE78A1F97DE26004AB142 /* LaunchScreen.storyboard */,
				979FE78D1F97DE26004AB142 /* Info.plist */,
				979FE7931F97F253004AB142 /* ImageRecognizerViewController.swift */,
				979FE7951F97F29F004AB142 /* ImageRecognizerViewController.xib */,
				979FE7971F97F8B6004AB142 /* ClarifaiWrapper.swift */,
			);
			path = WWTLogoRecognizer;
			sourceTree = "<group>";
		};
/* End PBXGroup section */

/* Begin PBXNativeTarget section */
		979FE77D1F97DE26004AB142 /* WWTLogoRecognizer */ = {
			isa = PBXNativeTarget;
			buildConfigurationList = 979FE7901F97DE26004AB142 /* Build configuration list for PBXNativeTarget "WWTLogoRecognizer" */;
			buildPhases = (
				3AC32501DDBCC9231C463CC1 /* [CP] Check Pods Manifest.lock */,
				979FE77A1F97DE26004AB142 /* Sources */,
				979FE77B1F97DE26004AB142 /* Frameworks */,
				979FE77C1F97DE26004AB142 /* Resources */,
				1C49B7DDBBDE702D6F811EAF /* [CP] Embed Pods Frameworks */,
				911BED57BFD7F06B41E30583 /* [CP] Copy Pods Resources */,
			);
			buildRules = (
			);
			dependencies = (
			);
			name = WWTLogoRecognizer;
			productName = WWTLogoRecognizer;
			productReference = 979FE77E1F97DE26004AB142 /* WWTLogoRecognizer.app */;
			productType = "com.apple.product-type.application";
		};
/* End PBXNativeTarget section */

/* Begin PBXProject section */
		979FE7761F97DE26004AB142 /* Project object */ = {
			isa = PBXProject;
			attributes = {
				LastSwiftUpdateCheck = 0900;
				LastUpgradeCheck = 0900;
				ORGANIZATIONNAME = "Patrick Maltagliati";
				TargetAttributes = {
					979FE77D1F97DE26004AB142 = {
						CreatedOnToolsVersion = 9.0;
						ProvisioningStyle = Automatic;
					};
				};
			};
			buildConfigurationList = 979FE7791F97DE26004AB142 /* Build configuration list for PBXProject "WWTLogoRecognizer" */;
			compatibilityVersion = "Xcode 8.0";
			developmentRegion = en;
			hasScannedForEncodings = 0;
			knownRegions = (
				en,
				Base,
			);
			mainGroup = 979FE7751F97DE26004AB142;
			productRefGroup = 979FE77F1F97DE26004AB142 /* Products */;
			projectDirPath = "";
			projectRoot = "";
			targets = (
				979FE77D1F97DE26004AB142 /* WWTLogoRecognizer */,
			);
		};
/* End PBXProject section */

/* Begin PBXResourcesBuildPhase section */
		979FE77C1F97DE26004AB142 /* Resources */ = {
			isa = PBXResourcesBuildPhase;
			buildActionMask = 2147483647;
			files = (
				979FE7961F97F29F004AB142 /* ImageRecognizerViewController.xib in Resources */,
				979FE78C1F97DE26004AB142 /* LaunchScreen.storyboard in Resources */,
				979FE7891F97DE26004AB142 /* Assets.xcassets in Resources */,
				979FE7871F97DE26004AB142 /* Main.storyboard in Resources */,
			);
			runOnlyForDeploymentPostprocessing = 0;
		};
/* End PBXResourcesBuildPhase section */

/* Begin PBXShellScriptBuildPhase section */
		1C49B7DDBBDE702D6F811EAF /* [CP] Embed Pods Frameworks */ = {
			isa = PBXShellScriptBuildPhase;
			buildActionMask = 2147483647;
			files = (
			);
			inputPaths = (
				"${SRCROOT}/Pods/Target Support Files/Pods-WWTLogoRecognizer/Pods-WWTLogoRecognizer-frameworks.sh",
				"${PODS_ROOT}/Clarifai-Apple-SDK/Clarifai_Apple_SDK.framework",
			);
			name = "[CP] Embed Pods Frameworks";
			outputPaths = (
				"${TARGET_BUILD_DIR}/${FRAMEWORKS_FOLDER_PATH}/Clarifai_Apple_SDK.framework",
			);
			runOnlyForDeploymentPostprocessing = 0;
			shellPath = /bin/sh;
			shellScript = "\"${SRCROOT}/Pods/Target Support Files/Pods-WWTLogoRecognizer/Pods-WWTLogoRecognizer-frameworks.sh\"\n";
			showEnvVarsInLog = 0;
		};
		3AC32501DDBCC9231C463CC1 /* [CP] Check Pods Manifest.lock */ = {
			isa = PBXShellScriptBuildPhase;
			buildActionMask = 2147483647;
			files = (
			);
			inputPaths = (
				"${PODS_PODFILE_DIR_PATH}/Podfile.lock",
				"${PODS_ROOT}/Manifest.lock",
			);
			name = "[CP] Check Pods Manifest.lock";
			outputPaths = (
				"$(DERIVED_FILE_DIR)/Pods-WWTLogoRecognizer-checkManifestLockResult.txt",
			);
			runOnlyForDeploymentPostprocessing = 0;
			shellPath = /bin/sh;
			shellScript = "diff \"${PODS_PODFILE_DIR_PATH}/Podfile.lock\" \"${PODS_ROOT}/Manifest.lock\" > /dev/null\nif [ $? != 0 ] ; then\n    # print error to STDERR\n    echo \"error: The sandbox is not in sync with the Podfile.lock. Run 'pod install' or update your CocoaPods installation.\" >&2\n    exit 1\nfi\n# This output is used by Xcode 'outputs' to avoid re-running this script phase.\necho \"SUCCESS\" > \"${SCRIPT_OUTPUT_FILE_0}\"\n";
			showEnvVarsInLog = 0;
		};
		911BED57BFD7F06B41E30583 /* [CP] Copy Pods Resources */ = {
			isa = PBXShellScriptBuildPhase;
			buildActionMask = 2147483647;
			files = (
			);
			inputPaths = (
			);
			name = "[CP] Copy Pods Resources";
			outputPaths = (
			);
			runOnlyForDeploymentPostprocessing = 0;
			shellPath = /bin/sh;
			shellScript = "\"${SRCROOT}/Pods/Target Support Files/Pods-WWTLogoRecognizer/Pods-WWTLogoRecognizer-resources.sh\"\n";
			showEnvVarsInLog = 0;
		};
/* End PBXShellScriptBuildPhase section */

/* Begin PBXSourcesBuildPhase section */
		979FE77A1F97DE26004AB142 /* Sources */ = {
			isa = PBXSourcesBuildPhase;
			buildActionMask = 2147483647;
			files = (
				979FE7981F97F8B6004AB142 /* ClarifaiWrapper.swift in Sources */,
				979FE7841F97DE26004AB142 /* ViewController.swift in Sources */,
				979FE7941F97F253004AB142 /* ImageRecognizerViewController.swift in Sources */,
				979FE7821F97DE26004AB142 /* AppDelegate.swift in Sources */,
			);
			runOnlyForDeploymentPostprocessing = 0;
		};
/* End PBXSourcesBuildPhase section */

/* Begin PBXVariantGroup section */
		979FE7851F97DE26004AB142 /* Main.storyboard */ = {
			isa = PBXVariantGroup;
			children = (
				979FE7861F97DE26004AB142 /* Base */,
			);
			name = Main.storyboard;
			sourceTree = "<group>";
		};
		979FE78A1F97DE26004AB142 /* LaunchScreen.storyboard */ = {
			isa = PBXVariantGroup;
			children = (
				979FE78B1F97DE26004AB142 /* Base */,
			);
			name = LaunchScreen.storyboard;
			sourceTree = "<group>";
		};
/* End PBXVariantGroup section */

/* Begin XCBuildConfiguration section */
		979FE78E1F97DE26004AB142 /* Debug */ = {
			isa = XCBuildConfiguration;
			buildSettings = {
				ALWAYS_SEARCH_USER_PATHS = NO;
				CLANG_ANALYZER_NONNULL = YES;
				CLANG_ANALYZER_NUMBER_OBJECT_CONVERSION = YES_AGGRESSIVE;
				CLANG_CXX_LANGUAGE_STANDARD = "gnu++14";
				CLANG_CXX_LIBRARY = "libc++";
				CLANG_ENABLE_MODULES = YES;
				CLANG_ENABLE_OBJC_ARC = YES;
				CLANG_WARN_BLOCK_CAPTURE_AUTORELEASING = YES;
				CLANG_WARN_BOOL_CONVERSION = YES;
				CLANG_WARN_COMMA = YES;
				CLANG_WARN_CONSTANT_CONVERSION = YES;
				CLANG_WARN_DIRECT_OBJC_ISA_USAGE = YES_ERROR;
				CLANG_WARN_DOCUMENTATION_COMMENTS = YES;
				CLANG_WARN_EMPTY_BODY = YES;
				CLANG_WARN_ENUM_CONVERSION = YES;
				CLANG_WARN_INFINITE_RECURSION = YES;
				CLANG_WARN_INT_CONVERSION = YES;
				CLANG_WARN_NON_LITERAL_NULL_CONVERSION = YES;
				CLANG_WARN_OBJC_LITERAL_CONVERSION = YES;
				CLANG_WARN_OBJC_ROOT_CLASS = YES_ERROR;
				CLANG_WARN_RANGE_LOOP_ANALYSIS = YES;
				CLANG_WARN_STRICT_PROTOTYPES = YES;
				CLANG_WARN_SUSPICIOUS_MOVE = YES;
				CLANG_WARN_UNGUARDED_AVAILABILITY = YES_AGGRESSIVE;
				CLANG_WARN_UNREACHABLE_CODE = YES;
				CLANG_WARN__DUPLICATE_METHOD_MATCH = YES;
				CODE_SIGN_IDENTITY = "iPhone Developer";
				COPY_PHASE_STRIP = NO;
				DEBUG_INFORMATION_FORMAT = dwarf;
				ENABLE_STRICT_OBJC_MSGSEND = YES;
				ENABLE_TESTABILITY = YES;
				GCC_C_LANGUAGE_STANDARD = gnu11;
				GCC_DYNAMIC_NO_PIC = NO;
				GCC_NO_COMMON_BLOCKS = YES;
				GCC_OPTIMIZATION_LEVEL = 0;
				GCC_PREPROCESSOR_DEFINITIONS = (
					"DEBUG=1",
					"$(inherited)",
				);
				GCC_WARN_64_TO_32_BIT_CONVERSION = YES;
				GCC_WARN_ABOUT_RETURN_TYPE = YES_ERROR;
				GCC_WARN_UNDECLARED_SELECTOR = YES;
				GCC_WARN_UNINITIALIZED_AUTOS = YES_AGGRESSIVE;
				GCC_WARN_UNUSED_FUNCTION = YES;
				GCC_WARN_UNUSED_VARIABLE = YES;
				IPHONEOS_DEPLOYMENT_TARGET = 11.0;
				MTL_ENABLE_DEBUG_INFO = YES;
				ONLY_ACTIVE_ARCH = YES;
				SDKROOT = iphoneos;
				SWIFT_ACTIVE_COMPILATION_CONDITIONS = DEBUG;
				SWIFT_OPTIMIZATION_LEVEL = "-Onone";
			};
			name = Debug;
		};
		979FE78F1F97DE26004AB142 /* Release */ = {
			isa = XCBuildConfiguration;
			buildSettings = {
				ALWAYS_SEARCH_USER_PATHS = NO;
				CLANG_ANALYZER_NONNULL = YES;
				CLANG_ANALYZER_NUMBER_OBJECT_CONVERSION = YES_AGGRESSIVE;
				CLANG_CXX_LANGUAGE_STANDARD = "gnu++14";
				CLANG_CXX_LIBRARY = "libc++";
				CLANG_ENABLE_MODULES = YES;
				CLANG_ENABLE_OBJC_ARC = YES;
				CLANG_WARN_BLOCK_CAPTURE_AUTORELEASING = YES;
				CLANG_WARN_BOOL_CONVERSION = YES;
				CLANG_WARN_COMMA = YES;
				CLANG_WARN_CONSTANT_CONVERSION = YES;
				CLANG_WARN_DIRECT_OBJC_ISA_USAGE = YES_ERROR;
				CLANG_WARN_DOCUMENTATION_COMMENTS = YES;
				CLANG_WARN_EMPTY_BODY = YES;
				CLANG_WARN_ENUM_CONVERSION = YES;
				CLANG_WARN_INFINITE_RECURSION = YES;
				CLANG_WARN_INT_CONVERSION = YES;
				CLANG_WARN_NON_LITERAL_NULL_CONVERSION = YES;
				CLANG_WARN_OBJC_LITERAL_CONVERSION = YES;
				CLANG_WARN_OBJC_ROOT_CLASS = YES_ERROR;
				CLANG_WARN_RANGE_LOOP_ANALYSIS = YES;
				CLANG_WARN_STRICT_PROTOTYPES = YES;
				CLANG_WARN_SUSPICIOUS_MOVE = YES;
				CLANG_WARN_UNGUARDED_AVAILABILITY = YES_AGGRESSIVE;
				CLANG_WARN_UNREACHABLE_CODE = YES;
				CLANG_WARN__DUPLICATE_METHOD_MATCH = YES;
				CODE_SIGN_IDENTITY = "iPhone Developer";
				COPY_PHASE_STRIP = NO;
				DEBUG_INFORMATION_FORMAT = "dwarf-with-dsym";
				ENABLE_NS_ASSERTIONS = NO;
				ENABLE_STRICT_OBJC_MSGSEND = YES;
				GCC_C_LANGUAGE_STANDARD = gnu11;
				GCC_NO_COMMON_BLOCKS = YES;
				GCC_WARN_64_TO_32_BIT_CONVERSION = YES;
				GCC_WARN_ABOUT_RETURN_TYPE = YES_ERROR;
				GCC_WARN_UNDECLARED_SELECTOR = YES;
				GCC_WARN_UNINITIALIZED_AUTOS = YES_AGGRESSIVE;
				GCC_WARN_UNUSED_FUNCTION = YES;
				GCC_WARN_UNUSED_VARIABLE = YES;
				IPHONEOS_DEPLOYMENT_TARGET = 11.0;
				MTL_ENABLE_DEBUG_INFO = NO;
				SDKROOT = iphoneos;
				SWIFT_OPTIMIZATION_LEVEL = "-Owholemodule";
				VALIDATE_PRODUCT = YES;
			};
			name = Release;
		};
		979FE7911F97DE26004AB142 /* Debug */ = {
			isa = XCBuildConfiguration;
			baseConfigurationReference = 267F432DFB7D19B847BF1768 /* Pods-WWTLogoRecognizer.debug.xcconfig */;
			buildSettings = {
				ASSETCATALOG_COMPILER_APPICON_NAME = AppIcon;
				CODE_SIGN_STYLE = Automatic;
				DEVELOPMENT_TEAM = 32E6VH74P3;
				FRAMEWORK_SEARCH_PATHS = (
					"$(inherited)",
					"$(PROJECT_DIR)/Clarifai",
				);
				INFOPLIST_FILE = WWTLogoRecognizer/Info.plist;
				LD_RUNPATH_SEARCH_PATHS = "$(inherited) @executable_path/Frameworks";
				PRODUCT_BUNDLE_IDENTIFIER = BadlyCutProductions.WWTLogoRecognizer;
				PRODUCT_NAME = "$(TARGET_NAME)";
				SWIFT_VERSION = 4.0;
				TARGETED_DEVICE_FAMILY = "1,2";
			};
			name = Debug;
		};
		979FE7921F97DE26004AB142 /* Release */ = {
			isa = XCBuildConfiguration;
			baseConfigurationReference = 7F1DB4F9D0E6E37A1129FC40 /* Pods-WWTLogoRecognizer.release.xcconfig */;
			buildSettings = {
				ASSETCATALOG_COMPILER_APPICON_NAME = AppIcon;
				CODE_SIGN_STYLE = Automatic;
				DEVELOPMENT_TEAM = 32E6VH74P3;
				FRAMEWORK_SEARCH_PATHS = (
					"$(inherited)",
					"$(PROJECT_DIR)/Clarifai",
				);
				INFOPLIST_FILE = WWTLogoRecognizer/Info.plist;
				LD_RUNPATH_SEARCH_PATHS = "$(inherited) @executable_path/Frameworks";
				PRODUCT_BUNDLE_IDENTIFIER = BadlyCutProductions.WWTLogoRecognizer;
				PRODUCT_NAME = "$(TARGET_NAME)";
				SWIFT_VERSION = 4.0;
				TARGETED_DEVICE_FAMILY = "1,2";
			};
			name = Release;
		};
/* End XCBuildConfiguration section */

/* Begin XCConfigurationList section */
		979FE7791F97DE26004AB142 /* Build configuration list for PBXProject "WWTLogoRecognizer" */ = {
			isa = XCConfigurationList;
			buildConfigurations = (
				979FE78E1F97DE26004AB142 /* Debug */,
				979FE78F1F97DE26004AB142 /* Release */,
			);
			defaultConfigurationIsVisible = 0;
			defaultConfigurationName = Release;
		};
		979FE7901F97DE26004AB142 /* Build configuration list for PBXNativeTarget "WWTLogoRecognizer" */ = {
			isa = XCConfigurationList;
			buildConfigurations = (
				979FE7911F97DE26004AB142 /* Debug */,
				979FE7921F97DE26004AB142 /* Release */,
			);
			defaultConfigurationIsVisible = 0;
			defaultConfigurationName = Release;
		};
/* End XCConfigurationList section */
	};
	rootObject = 979FE7761F97DE26004AB142 /* Project object */;
}
